
Microsoft Visual Studio Solution File, Format Version 12.00
# Visual Studio Version 17
VisualStudioVersion = 17.1.31903.286
MinimumVisualStudioVersion = 10.0.40219.1
Project("{FAE04EC0-301F-11D3-BF4B-00C04F79EFBC}") = "SteamLocations", "SteamLocations.csproj", "{D99F7C2C-90CC-4F4A-84EE-BE234D1A80EA}"
EndProject
Global
	GlobalSection(SolutionConfigurationPlatforms) = preSolution
		Debug|Any CPU = Debug|Any CPU
		Release|Any CPU = Release|Any CPU
	EndGlobalSection
	GlobalSection(ProjectConfigurationPlatforms) = postSolution
		{D99F7C2C-90CC-4F4A-84EE-BE234D1A80EA}.Debug|Any CPU.ActiveCfg = Debug|Any CPU
		{D99F7C2C-90CC-4F4A-84EE-BE234D1A80EA}.Debug|Any CPU.Build.0 = Debug|Any CPU
		{D99F7C2C-90CC-4F4A-84EE-BE234D1A80EA}.Release|Any CPU.ActiveCfg = Release|Any CPU
		{D99F7C2C-90CC-4F4A-84EE-BE234D1A80EA}.Release|Any CPU.Build.0 = Release|Any CPU
	EndGlobalSection
	GlobalSection(SolutionProperties) = preSolution
		HideSolutionNode = FALSE
	EndGlobalSection
	GlobalSection(ExtensibilityGlobals) = postSolution
		SolutionGuid = {428FA20A-6E7A-4D82-98E4-23848765608A}
	EndGlobalSection
EndGlobal
